
Microsoft Visual Studio Solution File, Format Version 12.00
# Visual Studio Version 17
VisualStudioVersion = 17.0.31903.59
MinimumVisualStudioVersion = 10.0.40219.1
Project("{FAE04EC0-301F-11D3-BF4B-00C04F79EFBC}") = "VidySphere.Domain", "VidySphere.Domain\VidySphere.Domain.csproj", "{62C0A52F-D7EE-4F43-95CD-2752A9D6F1C6}"
EndProject
Project("{FAE04EC0-301F-11D3-BF4B-00C04F79EFBC}") = "VidySphere.Application", "VidySphere.Application\VidySphere.Application.csproj", "{D6F2EB66-C235-4B28-998C-0836796A9688}"
EndProject
Project("{FAE04EC0-301F-11D3-BF4B-00C04F79EFBC}") = "VidySphere.Infrastructure", "VidySphere.Infrastructure\VidySphere.Infrastructure.csproj", "{F02E2709-2163-4941-AB30-5572E5CCF9E7}"
EndProject
Project("{2150E333-8FDC-42A3-9474-1A3956D46DE8}") = "Modules", "Modules", "{CA253913-39DE-BFD0-C9A3-4B7EC6FBDF17}"
EndProject
Project("{2150E333-8FDC-42A3-9474-1A3956D46DE8}") = "Course", "Course", "{5F25F72F-32E0-21D8-CB0C-43249032D6FC}"
EndProject
Project("{FAE04EC0-301F-11D3-BF4B-00C04F79EFBC}") = "VidySphere.Modules.Course", "Modules\Course\VidySphere.Modules.Course.csproj", "{98ECFCA6-8DEC-4805-B09B-5D7EC6EC259C}"
EndProject
Project("{2150E333-8FDC-42A3-9474-1A3956D46DE8}") = "Tenant", "Tenant", "{913ADD56-5A08-A3E1-DBF9-160612A513DD}"
EndProject
Project("{FAE04EC0-301F-11D3-BF4B-00C04F79EFBC}") = "VidySphere.Modules.Tenant", "Modules\Tenant\VidySphere.Modules.Tenant.csproj", "{2FD75125-AFA3-4E3B-BECE-26D5FC6ADF31}"
EndProject
Project("{2150E333-8FDC-42A3-9474-1A3956D46DE8}") = "Identity", "Identity", "{293C06CD-4E17-48BD-9F3B-B5ADDFFA9425}"
EndProject
Project("{FAE04EC0-301F-11D3-BF4B-00C04F79EFBC}") = "VidySphere.Modules.Identity", "Modules\Identity\VidySphere.Modules.Identity.csproj", "{5FA5EBEF-3680-40EC-8E48-50B555DA6954}"
EndProject
Project("{FAE04EC0-301F-11D3-BF4B-00C04F79EFBC}") = "VidySphere.API", "VidySphere.API\VidySphere.API.csproj", "{6D754AEA-2CD9-4D94-9258-2F9D58DD27E9}"
EndProject
Global
	GlobalSection(SolutionConfigurationPlatforms) = preSolution
		Debug|Any CPU = Debug|Any CPU
		Debug|x64 = Debug|x64
		Debug|x86 = Debug|x86
		Release|Any CPU = Release|Any CPU
		Release|x64 = Release|x64
		Release|x86 = Release|x86
	EndGlobalSection
	GlobalSection(ProjectConfigurationPlatforms) = postSolution
		{62C0A52F-D7EE-4F43-95CD-2752A9D6F1C6}.Debug|Any CPU.ActiveCfg = Debug|Any CPU
		{62C0A52F-D7EE-4F43-95CD-2752A9D6F1C6}.Debug|Any CPU.Build.0 = Debug|Any CPU
		{62C0A52F-D7EE-4F43-95CD-2752A9D6F1C6}.Debug|x64.ActiveCfg = Debug|Any CPU
		{62C0A52F-D7EE-4F43-95CD-2752A9D6F1C6}.Debug|x64.Build.0 = Debug|Any CPU
		{62C0A52F-D7EE-4F43-95CD-2752A9D6F1C6}.Debug|x86.ActiveCfg = Debug|Any CPU
		{62C0A52F-D7EE-4F43-95CD-2752A9D6F1C6}.Debug|x86.Build.0 = Debug|Any CPU
		{62C0A52F-D7EE-4F43-95CD-2752A9D6F1C6}.Release|Any CPU.ActiveCfg = Release|Any CPU
		{62C0A52F-D7EE-4F43-95CD-2752A9D6F1C6}.Release|Any CPU.Build.0 = Release|Any CPU
		{62C0A52F-D7EE-4F43-95CD-2752A9D6F1C6}.Release|x64.ActiveCfg = Release|Any CPU
		{62C0A52F-D7EE-4F43-95CD-2752A9D6F1C6}.Release|x64.Build.0 = Release|Any CPU
		{62C0A52F-D7EE-4F43-95CD-2752A9D6F1C6}.Release|x86.ActiveCfg = Release|Any CPU
		{62C0A52F-D7EE-4F43-95CD-2752A9D6F1C6}.Release|x86.Build.0 = Release|Any CPU
		{D6F2EB66-C235-4B28-998C-0836796A9688}.Debug|Any CPU.ActiveCfg = Debug|Any CPU
		{D6F2EB66-C235-4B28-998C-0836796A9688}.Debug|Any CPU.Build.0 = Debug|Any CPU
		{D6F2EB66-C235-4B28-998C-0836796A9688}.Debug|x64.ActiveCfg = Debug|Any CPU
		{D6F2EB66-C235-4B28-998C-0836796A9688}.Debug|x64.Build.0 = Debug|Any CPU
		{D6F2EB66-C235-4B28-998C-0836796A9688}.Debug|x86.ActiveCfg = Debug|Any CPU
		{D6F2EB66-C235-4B28-998C-0836796A9688}.Debug|x86.Build.0 = Debug|Any CPU
		{D6F2EB66-C235-4B28-998C-0836796A9688}.Release|Any CPU.ActiveCfg = Release|Any CPU
		{D6F2EB66-C235-4B28-998C-0836796A9688}.Release|Any CPU.Build.0 = Release|Any CPU
		{D6F2EB66-C235-4B28-998C-0836796A9688}.Release|x64.ActiveCfg = Release|Any CPU
		{D6F2EB66-C235-4B28-998C-0836796A9688}.Release|x64.Build.0 = Release|Any CPU
		{D6F2EB66-C235-4B28-998C-0836796A9688}.Release|x86.ActiveCfg = Release|Any CPU
		{D6F2EB66-C235-4B28-998C-0836796A9688}.Release|x86.Build.0 = Release|Any CPU
		{F02E2709-2163-4941-AB30-5572E5CCF9E7}.Debug|Any CPU.ActiveCfg = Debug|Any CPU
		{F02E2709-2163-4941-AB30-5572E5CCF9E7}.Debug|Any CPU.Build.0 = Debug|Any CPU
		{F02E2709-2163-4941-AB30-5572E5CCF9E7}.Debug|x64.ActiveCfg = Debug|Any CPU
		{F02E2709-2163-4941-AB30-5572E5CCF9E7}.Debug|x64.Build.0 = Debug|Any CPU
		{F02E2709-2163-4941-AB30-5572E5CCF9E7}.Debug|x86.ActiveCfg = Debug|Any CPU
		{F02E2709-2163-4941-AB30-5572E5CCF9E7}.Debug|x86.Build.0 = Debug|Any CPU
		{F02E2709-2163-4941-AB30-5572E5CCF9E7}.Release|Any CPU.ActiveCfg = Release|Any CPU
		{F02E2709-2163-4941-AB30-5572E5CCF9E7}.Release|Any CPU.Build.0 = Release|Any CPU
		{F02E2709-2163-4941-AB30-5572E5CCF9E7}.Release|x64.ActiveCfg = Release|Any CPU
		{F02E2709-2163-4941-AB30-5572E5CCF9E7}.Release|x64.Build.0 = Release|Any CPU
		{F02E2709-2163-4941-AB30-5572E5CCF9E7}.Release|x86.ActiveCfg = Release|Any CPU
		{F02E2709-2163-4941-AB30-5572E5CCF9E7}.Release|x86.Build.0 = Release|Any CPU
		{98ECFCA6-8DEC-4805-B09B-5D7EC6EC259C}.Debug|Any CPU.ActiveCfg = Debug|Any CPU
		{98ECFCA6-8DEC-4805-B09B-5D7EC6EC259C}.Debug|Any CPU.Build.0 = Debug|Any CPU
		{98ECFCA6-8DEC-4805-B09B-5D7EC6EC259C}.Debug|x64.ActiveCfg = Debug|Any CPU
		{98ECFCA6-8DEC-4805-B09B-5D7EC6EC259C}.Debug|x64.Build.0 = Debug|Any CPU
		{98ECFCA6-8DEC-4805-B09B-5D7EC6EC259C}.Debug|x86.ActiveCfg = Debug|Any CPU
		{98ECFCA6-8DEC-4805-B09B-5D7EC6EC259C}.Debug|x86.Build.0 = Debug|Any CPU
		{98ECFCA6-8DEC-4805-B09B-5D7EC6EC259C}.Release|Any CPU.ActiveCfg = Release|Any CPU
		{98ECFCA6-8DEC-4805-B09B-5D7EC6EC259C}.Release|Any CPU.Build.0 = Release|Any CPU
		{98ECFCA6-8DEC-4805-B09B-5D7EC6EC259C}.Release|x64.ActiveCfg = Release|Any CPU
		{98ECFCA6-8DEC-4805-B09B-5D7EC6EC259C}.Release|x64.Build.0 = Release|Any CPU
		{98ECFCA6-8DEC-4805-B09B-5D7EC6EC259C}.Release|x86.ActiveCfg = Release|Any CPU
		{98ECFCA6-8DEC-4805-B09B-5D7EC6EC259C}.Release|x86.Build.0 = Release|Any CPU
		{2FD75125-AFA3-4E3B-BECE-26D5FC6ADF31}.Debug|Any CPU.ActiveCfg = Debug|Any CPU
		{2FD75125-AFA3-4E3B-BECE-26D5FC6ADF31}.Debug|Any CPU.Build.0 = Debug|Any CPU
		{2FD75125-AFA3-4E3B-BECE-26D5FC6ADF31}.Debug|x64.ActiveCfg = Debug|Any CPU
		{2FD75125-AFA3-4E3B-BECE-26D5FC6ADF31}.Debug|x64.Build.0 = Debug|Any CPU
		{2FD75125-AFA3-4E3B-BECE-26D5FC6ADF31}.Debug|x86.ActiveCfg = Debug|Any CPU
		{2FD75125-AFA3-4E3B-BECE-26D5FC6ADF31}.Debug|x86.Build.0 = Debug|Any CPU
		{2FD75125-AFA3-4E3B-BECE-26D5FC6ADF31}.Release|Any CPU.ActiveCfg = Release|Any CPU
		{2FD75125-AFA3-4E3B-BECE-26D5FC6ADF31}.Release|Any CPU.Build.0 = Release|Any CPU
		{2FD75125-AFA3-4E3B-BECE-26D5FC6ADF31}.Release|x64.ActiveCfg = Release|Any CPU
		{2FD75125-AFA3-4E3B-BECE-26D5FC6ADF31}.Release|x64.Build.0 = Release|Any CPU
		{2FD75125-AFA3-4E3B-BECE-26D5FC6ADF31}.Release|x86.ActiveCfg = Release|Any CPU
		{2FD75125-AFA3-4E3B-BECE-26D5FC6ADF31}.Release|x86.Build.0 = Release|Any CPU
		{5FA5EBEF-3680-40EC-8E48-50B555DA6954}.Debug|Any CPU.ActiveCfg = Debug|Any CPU
		{5FA5EBEF-3680-40EC-8E48-50B555DA6954}.Debug|Any CPU.Build.0 = Debug|Any CPU
		{5FA5EBEF-3680-40EC-8E48-50B555DA6954}.Debug|x64.ActiveCfg = Debug|Any CPU
		{5FA5EBEF-3680-40EC-8E48-50B555DA6954}.Debug|x64.Build.0 = Debug|Any CPU
		{5FA5EBEF-3680-40EC-8E48-50B555DA6954}.Debug|x86.ActiveCfg = Debug|Any CPU
		{5FA5EBEF-3680-40EC-8E48-50B555DA6954}.Debug|x86.Build.0 = Debug|Any CPU
		{5FA5EBEF-3680-40EC-8E48-50B555DA6954}.Release|Any CPU.ActiveCfg = Release|Any CPU
		{5FA5EBEF-3680-40EC-8E48-50B555DA6954}.Release|Any CPU.Build.0 = Release|Any CPU
		{5FA5EBEF-3680-40EC-8E48-50B555DA6954}.Release|x64.ActiveCfg = Release|Any CPU
		{5FA5EBEF-3680-40EC-8E48-50B555DA6954}.Release|x64.Build.0 = Release|Any CPU
		{5FA5EBEF-3680-40EC-8E48-50B555DA6954}.Release|x86.ActiveCfg = Release|Any CPU
		{5FA5EBEF-3680-40EC-8E48-50B555DA6954}.Release|x86.Build.0 = Release|Any CPU
		{6D754AEA-2CD9-4D94-9258-2F9D58DD27E9}.Debug|Any CPU.ActiveCfg = Debug|Any CPU
		{6D754AEA-2CD9-4D94-9258-2F9D58DD27E9}.Debug|Any CPU.Build.0 = Debug|Any CPU
		{6D754AEA-2CD9-4D94-9258-2F9D58DD27E9}.Debug|x64.ActiveCfg = Debug|Any CPU
		{6D754AEA-2CD9-4D94-9258-2F9D58DD27E9}.Debug|x64.Build.0 = Debug|Any CPU
		{6D754AEA-2CD9-4D94-9258-2F9D58DD27E9}.Debug|x86.ActiveCfg = Debug|Any CPU
		{6D754AEA-2CD9-4D94-9258-2F9D58DD27E9}.Debug|x86.Build.0 = Debug|Any CPU
		{6D754AEA-2CD9-4D94-9258-2F9D58DD27E9}.Release|Any CPU.ActiveCfg = Release|Any CPU
		{6D754AEA-2CD9-4D94-9258-2F9D58DD27E9}.Release|Any CPU.Build.0 = Release|Any CPU
		{6D754AEA-2CD9-4D94-9258-2F9D58DD27E9}.Release|x64.ActiveCfg = Release|Any CPU
		{6D754AEA-2CD9-4D94-9258-2F9D58DD27E9}.Release|x64.Build.0 = Release|Any CPU
		{6D754AEA-2CD9-4D94-9258-2F9D58DD27E9}.Release|x86.ActiveCfg = Release|Any CPU
		{6D754AEA-2CD9-4D94-9258-2F9D58DD27E9}.Release|x86.Build.0 = Release|Any CPU
	EndGlobalSection
	GlobalSection(SolutionProperties) = preSolution
		HideSolutionNode = FALSE
	EndGlobalSection
	GlobalSection(NestedProjects) = preSolution
		{5F25F72F-32E0-21D8-CB0C-43249032D6FC} = {CA253913-39DE-BFD0-C9A3-4B7EC6FBDF17}
		{98ECFCA6-8DEC-4805-B09B-5D7EC6EC259C} = {5F25F72F-32E0-21D8-CB0C-43249032D6FC}
		{913ADD56-5A08-A3E1-DBF9-160612A513DD} = {CA253913-39DE-BFD0-C9A3-4B7EC6FBDF17}
		{2FD75125-AFA3-4E3B-BECE-26D5FC6ADF31} = {913ADD56-5A08-A3E1-DBF9-160612A513DD}
		{293C06CD-4E17-48BD-9F3B-B5ADDFFA9425} = {CA253913-39DE-BFD0-C9A3-4B7EC6FBDF17}
		{5FA5EBEF-3680-40EC-8E48-50B555DA6954} = {293C06CD-4E17-48BD-9F3B-B5ADDFFA9425}
	EndGlobalSection
	GlobalSection(ExtensibilityGlobals) = postSolution
		SolutionGuid = {610A75C4-3B92-4B03-8D35-1AE340BA5F88}
	EndGlobalSection
EndGlobal
